
Microsoft Visual Studio Solution File, Format Version 12.00
# Visual Studio Version 17
VisualStudioVersion = 17.14.36414.22 d17.14
MinimumVisualStudioVersion = 10.0.40219.1
Project("{FAE04EC0-301F-11D3-BF4B-00C04F79EFBC}") = "45", "45\45.csproj", "{33C7F138-7E0F-4A29-B612-250FC49822BE}"
EndProject
Global
	GlobalSection(SolutionConfigurationPlatforms) = preSolution
		Debug|Any CPU = Debug|Any CPU
		Release|Any CPU = Release|Any CPU
	EndGlobalSection
	GlobalSection(ProjectConfigurationPlatforms) = postSolution
		{33C7F138-7E0F-4A29-B612-250FC49822BE}.Debug|Any CPU.ActiveCfg = Debug|Any CPU
		{33C7F138-7E0F-4A29-B612-250FC49822BE}.Debug|Any CPU.Build.0 = Debug|Any CPU
		{33C7F138-7E0F-4A29-B612-250FC49822BE}.Release|Any CPU.ActiveCfg = Release|Any CPU
		{33C7F138-7E0F-4A29-B612-250FC49822BE}.Release|Any CPU.Build.0 = Release|Any CPU
	EndGlobalSection
	GlobalSection(SolutionProperties) = preSolution
		HideSolutionNode = FALSE
	EndGlobalSection
	GlobalSection(ExtensibilityGlobals) = postSolution
		SolutionGuid = {480897AC-8030-4793-800B-C70EDC9E358B}
	EndGlobalSection
EndGlobal
